
Microsoft Visual Studio Solution File, Format Version 12.00
Project("{FAE04EC0-301F-11D3-BF4B-00C04F79EFBC}") = "CoursesDatabase", "src\CoursesDatabase\CoursesDatabase.csproj", "{931177B9-BF86-4BFA-B0F3-9437C8C4F267}"
EndProject
Project("{FAE04EC0-301F-11D3-BF4B-00C04F79EFBC}") = "CoursesDatabase.Tests", "tests\CoursesDatabase.Tests\CoursesDatabase.Tests.csproj", "{56126A5B-CB3D-47C6-8C15-10843FFD1FF0}"
EndProject
Project("{FAE04EC0-301F-11D3-BF4B-00C04F79EFBC}") = "CoursesDatabase.Api", "src\CoursesDatabase.Api\CoursesDatabase.Api.csproj", "{84F258CD-E0E4-4E41-92D8-ACAC35C5D212}"
EndProject
Global
	GlobalSection(SolutionConfigurationPlatforms) = preSolution
		Debug|Any CPU = Debug|Any CPU
		Release|Any CPU = Release|Any CPU
	EndGlobalSection
	GlobalSection(ProjectConfigurationPlatforms) = postSolution
		{931177B9-BF86-4BFA-B0F3-9437C8C4F267}.Debug|Any CPU.ActiveCfg = Debug|Any CPU
		{931177B9-BF86-4BFA-B0F3-9437C8C4F267}.Debug|Any CPU.Build.0 = Debug|Any CPU
		{931177B9-BF86-4BFA-B0F3-9437C8C4F267}.Release|Any CPU.ActiveCfg = Release|Any CPU
		{931177B9-BF86-4BFA-B0F3-9437C8C4F267}.Release|Any CPU.Build.0 = Release|Any CPU
		{56126A5B-CB3D-47C6-8C15-10843FFD1FF0}.Debug|Any CPU.ActiveCfg = Debug|Any CPU
		{56126A5B-CB3D-47C6-8C15-10843FFD1FF0}.Debug|Any CPU.Build.0 = Debug|Any CPU
		{56126A5B-CB3D-47C6-8C15-10843FFD1FF0}.Release|Any CPU.ActiveCfg = Release|Any CPU
		{56126A5B-CB3D-47C6-8C15-10843FFD1FF0}.Release|Any CPU.Build.0 = Release|Any CPU
		{84F258CD-E0E4-4E41-92D8-ACAC35C5D212}.Debug|Any CPU.ActiveCfg = Debug|Any CPU
		{84F258CD-E0E4-4E41-92D8-ACAC35C5D212}.Debug|Any CPU.Build.0 = Debug|Any CPU
		{84F258CD-E0E4-4E41-92D8-ACAC35C5D212}.Release|Any CPU.ActiveCfg = Release|Any CPU
		{84F258CD-E0E4-4E41-92D8-ACAC35C5D212}.Release|Any CPU.Build.0 = Release|Any CPU
	EndGlobalSection
EndGlobal
